
Microsoft Visual Studio Solution File, Format Version 12.00
# Visual Studio Version 17
VisualStudioVersion = 17.14.36221.1 d17.14
MinimumVisualStudioVersion = 10.0.40219.1
Project("{FAE04EC0-301F-11D3-BF4B-00C04F79EFBC}") = "solv the assignment OOP4", "solv the assignment OOP4.csproj", "{05CF1D5D-7C94-4F00-9918-FD268775C9BE}"
EndProject
Global
	GlobalSection(SolutionConfigurationPlatforms) = preSolution
		Debug|Any CPU = Debug|Any CPU
		Release|Any CPU = Release|Any CPU
	EndGlobalSection
	GlobalSection(ProjectConfigurationPlatforms) = postSolution
		{05CF1D5D-7C94-4F00-9918-FD268775C9BE}.Debug|Any CPU.ActiveCfg = Debug|Any CPU
		{05CF1D5D-7C94-4F00-9918-FD268775C9BE}.Debug|Any CPU.Build.0 = Debug|Any CPU
		{05CF1D5D-7C94-4F00-9918-FD268775C9BE}.Release|Any CPU.ActiveCfg = Release|Any CPU
		{05CF1D5D-7C94-4F00-9918-FD268775C9BE}.Release|Any CPU.Build.0 = Release|Any CPU
	EndGlobalSection
	GlobalSection(SolutionProperties) = preSolution
		HideSolutionNode = FALSE
	EndGlobalSection
	GlobalSection(ExtensibilityGlobals) = postSolution
		SolutionGuid = {6C0E9080-7D4F-449C-B338-B0C40E877197}
	EndGlobalSection
EndGlobal
